
Microsoft Visual Studio Solution File, Format Version 12.00
# Visual Studio Version 17
VisualStudioVersion = 17.5.33424.131
MinimumVisualStudioVersion = 10.0.40219.1
Project("{FAE04EC0-301F-11D3-BF4B-00C04F79EFBC}") = "proj", "proj.csproj", "{FF003511-8AA5-4BCB-B026-75F85EB02815}"
EndProject
Global
	GlobalSection(SolutionConfigurationPlatforms) = preSolution
		Debug|Any CPU = Debug|Any CPU
		Release|Any CPU = Release|Any CPU
	EndGlobalSection
	GlobalSection(ProjectConfigurationPlatforms) = postSolution
		{FF003511-8AA5-4BCB-B026-75F85EB02815}.Debug|Any CPU.ActiveCfg = Debug|Any CPU
		{FF003511-8AA5-4BCB-B026-75F85EB02815}.Debug|Any CPU.Build.0 = Debug|Any CPU
		{FF003511-8AA5-4BCB-B026-75F85EB02815}.Release|Any CPU.ActiveCfg = Release|Any CPU
		{FF003511-8AA5-4BCB-B026-75F85EB02815}.Release|Any CPU.Build.0 = Release|Any CPU
	EndGlobalSection
	GlobalSection(SolutionProperties) = preSolution
		HideSolutionNode = FALSE
	EndGlobalSection
	GlobalSection(ExtensibilityGlobals) = postSolution
		SolutionGuid = {70DA6148-9880-4C32-AE73-A04266405A4F}
	EndGlobalSection
EndGlobal
